{
  "lockfile_version": "1",
  "packages": {
    "go@1.26.0": {
      "last_modified": "2026-02-11T12:16:34Z",
      "resolved": "github:NixOS/nixpkgs/8482c7ded03bae7550f3d69884f1e611e3bd19e8#go_1_26",
      "source": "devbox-search",
      "version": "1.26.0",
      "systems": {
        "aarch64-darwin": {
          "outputs": [
            {
              "name": "out",
              "path": "/nix/store/sz1ry9vf187bzdvsalla73ycxwfjv3pq-go-1.26.0",
              "default": true
            }
          ],
          "store_path": "/nix/store/sz1ry9vf187bzdvsalla73ycxwfjv3pq-go-1.26.0"
        },
        "aarch64-linux": {
          "outputs": [
            {
              "name": "out",
              "path": "/nix/store/1wl6q7df9z3p8gambi2ndp5s5igr4h61-go-1.26.0",
              "default": true
            }
          ],
          "store_path": "/nix/store/1wl6q7df9z3p8gambi2ndp5s5igr4h61-go-1.26.0"
        },
        "x86_64-darwin": {
          "outputs": [
            {
              "name": "out",
              "path": "/nix/store/r5bwcb31acswg4nirdblmz1zzkci6bj3-go-1.26.0",
              "default": true
            }
          ],
          "store_path": "/nix/store/r5bwcb31acswg4nirdblmz1zzkci6bj3-go-1.26.0"
        },
        "x86_64-linux": {
          "outputs": [
            {
              "name": "out",
              "path": "/nix/store/kgwkx0l54snkkgzbmg8cw89i1g8v1dqw-go-1.26.0",
              "default": true
            }
          ],
          "store_path": "/nix/store/kgwkx0l54snkkgzbmg8cw89i1g8v1dqw-go-1.26.0"
        }
      }
    }
  }
}
